
Microsoft Visual Studio Solution File, Format Version 12.00
# Visual Studio Version 16
VisualStudioVersion = 16.0.32901.82
MinimumVisualStudioVersion = 10.0.40219.1
Project("{FAE04EC0-301F-11D3-BF4B-00C04F79EFBC}") = "02_Muveletek", "02_Szelekcio\02_Muveletek.csproj", "{0F2F5A81-8C4E-4D23-8A9C-B6172276DC05}"
EndProject
Global
	GlobalSection(SolutionConfigurationPlatforms) = preSolution
		Debug|Any CPU = Debug|Any CPU
		Release|Any CPU = Release|Any CPU
	EndGlobalSection
	GlobalSection(ProjectConfigurationPlatforms) = postSolution
		{0F2F5A81-8C4E-4D23-8A9C-B6172276DC05}.Debug|Any CPU.ActiveCfg = Debug|Any CPU
		{0F2F5A81-8C4E-4D23-8A9C-B6172276DC05}.Debug|Any CPU.Build.0 = Debug|Any CPU
		{0F2F5A81-8C4E-4D23-8A9C-B6172276DC05}.Release|Any CPU.ActiveCfg = Release|Any CPU
		{0F2F5A81-8C4E-4D23-8A9C-B6172276DC05}.Release|Any CPU.Build.0 = Release|Any CPU
	EndGlobalSection
	GlobalSection(SolutionProperties) = preSolution
		HideSolutionNode = FALSE
	EndGlobalSection
	GlobalSection(ExtensibilityGlobals) = postSolution
		SolutionGuid = {39C45942-D202-4BE4-87A9-D9A77F7C805A}
	EndGlobalSection
EndGlobal
