
Microsoft Visual Studio Solution File, Format Version 12.00
# Visual Studio Version 16
VisualStudioVersion = 16.0.32901.82
MinimumVisualStudioVersion = 10.0.40219.1
Project("{FAE04EC0-301F-11D3-BF4B-00C04F79EFBC}") = "04_Iteration", "04_Iteration\04_Iteration.csproj", "{723333DE-9AA9-4FCE-9870-D8FDB5D5440D}"
EndProject
Global
	GlobalSection(SolutionConfigurationPlatforms) = preSolution
		Debug|Any CPU = Debug|Any CPU
		Release|Any CPU = Release|Any CPU
	EndGlobalSection
	GlobalSection(ProjectConfigurationPlatforms) = postSolution
		{723333DE-9AA9-4FCE-9870-D8FDB5D5440D}.Debug|Any CPU.ActiveCfg = Debug|Any CPU
		{723333DE-9AA9-4FCE-9870-D8FDB5D5440D}.Debug|Any CPU.Build.0 = Debug|Any CPU
		{723333DE-9AA9-4FCE-9870-D8FDB5D5440D}.Release|Any CPU.ActiveCfg = Release|Any CPU
		{723333DE-9AA9-4FCE-9870-D8FDB5D5440D}.Release|Any CPU.Build.0 = Release|Any CPU
	EndGlobalSection
	GlobalSection(SolutionProperties) = preSolution
		HideSolutionNode = FALSE
	EndGlobalSection
	GlobalSection(ExtensibilityGlobals) = postSolution
		SolutionGuid = {F8880B90-C3A8-4B3B-B13D-56133A9B4E1D}
	EndGlobalSection
EndGlobal
