
Microsoft Visual Studio Solution File, Format Version 12.00
# Visual Studio Version 17
VisualStudioVersion = 17.3.32929.385
MinimumVisualStudioVersion = 10.0.40219.1
Project("{FAE04EC0-301F-11D3-BF4B-00C04F79EFBC}") = "05_Arrays", "05_Arrays\05_Arrays.csproj", "{78595FDB-38C0-47A4-8B3D-DAE8721F1042}"
EndProject
Global
	GlobalSection(SolutionConfigurationPlatforms) = preSolution
		Debug|Any CPU = Debug|Any CPU
		Release|Any CPU = Release|Any CPU
	EndGlobalSection
	GlobalSection(ProjectConfigurationPlatforms) = postSolution
		{78595FDB-38C0-47A4-8B3D-DAE8721F1042}.Debug|Any CPU.ActiveCfg = Debug|Any CPU
		{78595FDB-38C0-47A4-8B3D-DAE8721F1042}.Debug|Any CPU.Build.0 = Debug|Any CPU
		{78595FDB-38C0-47A4-8B3D-DAE8721F1042}.Release|Any CPU.ActiveCfg = Release|Any CPU
		{78595FDB-38C0-47A4-8B3D-DAE8721F1042}.Release|Any CPU.Build.0 = Release|Any CPU
	EndGlobalSection
	GlobalSection(SolutionProperties) = preSolution
		HideSolutionNode = FALSE
	EndGlobalSection
	GlobalSection(ExtensibilityGlobals) = postSolution
		SolutionGuid = {C4E85B0C-A800-4595-A49A-FF8630F6F173}
	EndGlobalSection
EndGlobal
